
Microsoft Visual Studio Solution File, Format Version 12.00
# Visual Studio Version 17
VisualStudioVersion = 17.14.37314.3 d17.14
MinimumVisualStudioVersion = 10.0.40219.1
Project("{FAE04EC0-301F-11D3-BF4B-00C04F79EFBC}") = "CareBridge.InsuranceService.Api", "CareBridge.InsuranceService.Api\CareBridge.InsuranceService.Api.csproj", "{AC41E89A-96E8-45F2-9925-4BC6439A1FCE}"
EndProject
Project("{FAE04EC0-301F-11D3-BF4B-00C04F79EFBC}") = "CareBridge.Api", "CareBridge.Api\CareBridge.Api.csproj", "{69A28FF5-8731-414C-8C56-4042310C42A8}"
EndProject
Global
	GlobalSection(SolutionConfigurationPlatforms) = preSolution
		Debug|Any CPU = Debug|Any CPU
		Release|Any CPU = Release|Any CPU
	EndGlobalSection
	GlobalSection(ProjectConfigurationPlatforms) = postSolution
		{AC41E89A-96E8-45F2-9925-4BC6439A1FCE}.Debug|Any CPU.ActiveCfg = Debug|Any CPU
		{AC41E89A-96E8-45F2-9925-4BC6439A1FCE}.Debug|Any CPU.Build.0 = Debug|Any CPU
		{AC41E89A-96E8-45F2-9925-4BC6439A1FCE}.Release|Any CPU.ActiveCfg = Release|Any CPU
		{AC41E89A-96E8-45F2-9925-4BC6439A1FCE}.Release|Any CPU.Build.0 = Release|Any CPU
		{69A28FF5-8731-414C-8C56-4042310C42A8}.Debug|Any CPU.ActiveCfg = Debug|Any CPU
		{69A28FF5-8731-414C-8C56-4042310C42A8}.Debug|Any CPU.Build.0 = Debug|Any CPU
		{69A28FF5-8731-414C-8C56-4042310C42A8}.Release|Any CPU.ActiveCfg = Release|Any CPU
		{69A28FF5-8731-414C-8C56-4042310C42A8}.Release|Any CPU.Build.0 = Release|Any CPU
	EndGlobalSection
	GlobalSection(SolutionProperties) = preSolution
		HideSolutionNode = FALSE
	EndGlobalSection
	GlobalSection(ExtensibilityGlobals) = postSolution
		SolutionGuid = {74CA6026-9F45-40A0-9A50-D6631F7A5837}
	EndGlobalSection
EndGlobal
