
Microsoft Visual Studio Solution File, Format Version 12.00
# Visual Studio Version 17
VisualStudioVersion = 17.14.37314.3 d17.14
MinimumVisualStudioVersion = 10.0.40219.1
Project("{FAE04EC0-301F-11D3-BF4B-00C04F79EFBC}") = "CareBridge.EFCoreDemo", "CareBridge.EFCoreDemo\CareBridge.EFCoreDemo.csproj", "{4A6BA0CE-9F4A-41D3-A5AB-8BADCEEC629F}"
EndProject
Project("{FAE04EC0-301F-11D3-BF4B-00C04F79EFBC}") = "CareBridge.API", "CareBridge.API\CareBridge.API.csproj", "{7E179EAB-0B34-43E4-9EBA-9ADDAAE3B391}"
EndProject
Global
	GlobalSection(SolutionConfigurationPlatforms) = preSolution
		Debug|Any CPU = Debug|Any CPU
		Release|Any CPU = Release|Any CPU
	EndGlobalSection
	GlobalSection(ProjectConfigurationPlatforms) = postSolution
		{4A6BA0CE-9F4A-41D3-A5AB-8BADCEEC629F}.Debug|Any CPU.ActiveCfg = Debug|Any CPU
		{4A6BA0CE-9F4A-41D3-A5AB-8BADCEEC629F}.Debug|Any CPU.Build.0 = Debug|Any CPU
		{4A6BA0CE-9F4A-41D3-A5AB-8BADCEEC629F}.Release|Any CPU.ActiveCfg = Release|Any CPU
		{4A6BA0CE-9F4A-41D3-A5AB-8BADCEEC629F}.Release|Any CPU.Build.0 = Release|Any CPU
		{7E179EAB-0B34-43E4-9EBA-9ADDAAE3B391}.Debug|Any CPU.ActiveCfg = Debug|Any CPU
		{7E179EAB-0B34-43E4-9EBA-9ADDAAE3B391}.Debug|Any CPU.Build.0 = Debug|Any CPU
		{7E179EAB-0B34-43E4-9EBA-9ADDAAE3B391}.Release|Any CPU.ActiveCfg = Release|Any CPU
		{7E179EAB-0B34-43E4-9EBA-9ADDAAE3B391}.Release|Any CPU.Build.0 = Release|Any CPU
	EndGlobalSection
	GlobalSection(SolutionProperties) = preSolution
		HideSolutionNode = FALSE
	EndGlobalSection
	GlobalSection(ExtensibilityGlobals) = postSolution
		SolutionGuid = {CBCEFF9C-1126-4CBD-B046-80851D7EDE1C}
	EndGlobalSection
EndGlobal
